
Microsoft Visual Studio Solution File, Format Version 12.00
Project("{FAE04EC0-301F-11D3-BF4B-00C04F79EFBC}") = "Main", "Main\Main.csproj", "{B3B934D3-6661-4601-9F38-A00CFB0D3624}"
EndProject
Global
	GlobalSection(SolutionConfigurationPlatforms) = preSolution
		Debug|Any CPU = Debug|Any CPU
		Release|Any CPU = Release|Any CPU
	EndGlobalSection
	GlobalSection(ProjectConfigurationPlatforms) = postSolution
		{B3B934D3-6661-4601-9F38-A00CFB0D3624}.Debug|Any CPU.ActiveCfg = Debug|Any CPU
		{B3B934D3-6661-4601-9F38-A00CFB0D3624}.Debug|Any CPU.Build.0 = Debug|Any CPU
		{B3B934D3-6661-4601-9F38-A00CFB0D3624}.Release|Any CPU.ActiveCfg = Release|Any CPU
		{B3B934D3-6661-4601-9F38-A00CFB0D3624}.Release|Any CPU.Build.0 = Release|Any CPU
	EndGlobalSection
EndGlobal
